
Microsoft Visual Studio Solution File, Format Version 12.00
# Visual Studio Version 16
VisualStudioVersion = 16.0.29306.81
MinimumVisualStudioVersion = 10.0.40219.1
Project("{FAE04EC0-301F-11D3-BF4B-00C04F79EFBC}") = "InsuranceClaims_Console", "InsuranceClaims_Console\InsuranceClaims_Console.csproj", "{895472D4-1910-4CC6-9ADB-A198D3ECB64C}"
EndProject
Project("{FAE04EC0-301F-11D3-BF4B-00C04F79EFBC}") = "InsuranceClaims_Repository", "InsuranceClaims_Repository\InsuranceClaims_Repository.csproj", "{424F8866-F8D1-41E0-A535-243E3B2254F5}"
EndProject
Project("{FAE04EC0-301F-11D3-BF4B-00C04F79EFBC}") = "Test_InsuranceClaims_Test", "Test_InsuranceClaims_Test\Test_InsuranceClaims_Test.csproj", "{9B9A0564-3A84-424F-9E8B-9DDF1B2653A0}"
EndProject
Global
	GlobalSection(SolutionConfigurationPlatforms) = preSolution
		Debug|Any CPU = Debug|Any CPU
		Release|Any CPU = Release|Any CPU
	EndGlobalSection
	GlobalSection(ProjectConfigurationPlatforms) = postSolution
		{895472D4-1910-4CC6-9ADB-A198D3ECB64C}.Debug|Any CPU.ActiveCfg = Debug|Any CPU
		{895472D4-1910-4CC6-9ADB-A198D3ECB64C}.Debug|Any CPU.Build.0 = Debug|Any CPU
		{895472D4-1910-4CC6-9ADB-A198D3ECB64C}.Release|Any CPU.ActiveCfg = Release|Any CPU
		{895472D4-1910-4CC6-9ADB-A198D3ECB64C}.Release|Any CPU.Build.0 = Release|Any CPU
		{424F8866-F8D1-41E0-A535-243E3B2254F5}.Debug|Any CPU.ActiveCfg = Debug|Any CPU
		{424F8866-F8D1-41E0-A535-243E3B2254F5}.Debug|Any CPU.Build.0 = Debug|Any CPU
		{424F8866-F8D1-41E0-A535-243E3B2254F5}.Release|Any CPU.ActiveCfg = Release|Any CPU
		{424F8866-F8D1-41E0-A535-243E3B2254F5}.Release|Any CPU.Build.0 = Release|Any CPU
		{9B9A0564-3A84-424F-9E8B-9DDF1B2653A0}.Debug|Any CPU.ActiveCfg = Debug|Any CPU
		{9B9A0564-3A84-424F-9E8B-9DDF1B2653A0}.Debug|Any CPU.Build.0 = Debug|Any CPU
		{9B9A0564-3A84-424F-9E8B-9DDF1B2653A0}.Release|Any CPU.ActiveCfg = Release|Any CPU
		{9B9A0564-3A84-424F-9E8B-9DDF1B2653A0}.Release|Any CPU.Build.0 = Release|Any CPU
	EndGlobalSection
	GlobalSection(SolutionProperties) = preSolution
		HideSolutionNode = FALSE
	EndGlobalSection
	GlobalSection(ExtensibilityGlobals) = postSolution
		SolutionGuid = {6085A476-329A-41A5-A9B5-23AD992DFC04}
	EndGlobalSection
EndGlobal
